# THIS IS AN AUTOGENERATED FILE. DO NOT EDIT THIS FILE DIRECTLY.
# yarn lockfile v1


ts-twirp-client@^0.0.2:
  version "0.0.2"
  resolved "https://registry.yarnpkg.com/ts-twirp-client/-/ts-twirp-client-0.0.2.tgz#2c426d49f0fae24706397d28c9a026683e3fbcdc"
  integrity sha512-hSRKEHR0S9y8LVkU8XoiyWSybLLupYXzGvQs/SYm60FRtRqAxA9WBhnPGKfLJB8jq2Q6Z94SUIaEpbq1ObeEMQ==
