{
  "name": "buf",
  "lockfileVersion": 2,
  "requires": true,
  "packages": {
    "": {
      "name": "buf",
      "dependencies": {
        "twirpscript": "file:../../dist"
      },
      "devDependencies": {
        "typescript": "^4.3.5"
      }
    },
    "../..": {
      "name": "twirpscript-development",
      "license": "MIT",
      "devDependencies": {
        "@babel/preset-env": "^7.18.2",
        "@babel/preset-typescript": "^7.17.12",
        "@types/google-protobuf": "^3.15.6",
        "@types/jest": "^28.1.0",
        "@types/node": "^18.0.0",
        "@types/prettier": "^2.6.3",
        "@types/react": "^18.0.10",
        "@typescript-eslint/eslint-plugin": "^5.27.0",
        "@typescript-eslint/parser": "^5.27.0",
        "babel-loader": "^8.2.5",
        "codecov": "^3.8.3",
        "eslint": "^8.16.0",
        "eslint-config-prettier": "^8.1.0",
        "google-protobuf": "^3.20.1",
        "husky": "^8.0.1",
        "jest": "^28.1.0",
        "prettier": "^2.6.0",
        "prettier-package-json": "^2.1.3",
        "protoscript": "0.0.5",
        "twirpscript": "link:./dist",
        "typescript": "^4.7.2",
        "webpack": "^5.72.1",
        "webpack-cli": "^4.9.2"
      }
    },
    "../../dist": {
      "name": "twirpscript",
      "version": "0.0.58",
      "license": "MIT",
      "dependencies": {
        "google-protobuf": "^3.20.1",
        "prettier": "^2.6.0",
        "protoscript": "0.0.5"
      },
      "bin": {
        "twirpscript": "cli/index.js"
      }
    },
    "../../node_modules/google-protobuf": {
      "version": "3.20.1",
      "license": "BSD-3-Clause"
    },
    "../../node_modules/prettier": {
      "version": "2.7.1",
      "license": "MIT",
      "bin": {
        "prettier": "bin-prettier.js"
      },
      "engines": {
        "node": ">=10.13.0"
      },
      "funding": {
        "url": "https://github.com/prettier/prettier?sponsor=1"
      }
    },
    "../../node_modules/protoscript": {
      "version": "0.0.5",
      "license": "MIT",
      "dependencies": {
        "google-protobuf": "^3.20.1",
        "prettier": "^2.6.0"
      },
      "bin": {
        "protoscript": "cli/index.js"
      }
    },
    "node_modules/twirpscript": {
      "resolved": "../../dist",
      "link": true
    },
    "node_modules/typescript": {
      "version": "4.6.3",
      "dev": true,
      "license": "Apache-2.0",
      "bin": {
        "tsc": "bin/tsc",
        "tsserver": "bin/tsserver"
      },
      "engines": {
        "node": ">=4.2.0"
      }
    }
  },
  "dependencies": {
    "twirpscript": {
      "version": "file:../../dist",
      "requires": {
        "google-protobuf": "^3.20.1",
        "prettier": "^2.6.0",
        "protoscript": "0.0.5"
      }
    },
    "typescript": {
      "version": "4.6.3",
      "dev": true
    }
  }
}
